
Microsoft Visual Studio Solution File, Format Version 12.00
# Visual Studio Version 17
VisualStudioVersion = 17.12.35707.178
MinimumVisualStudioVersion = 10.0.40219.1
Project("{FAE04EC0-301F-11D3-BF4B-00C04F79EFBC}") = "CoffeeBeanLib", "CoffeeBeanLib\CoffeeBeanLib.csproj", "{227F6221-24EF-4A63-9D3B-098391E05ED3}"
EndProject
Project("{FAE04EC0-301F-11D3-BF4B-00C04F79EFBC}") = "CoffeeBeanTest", "CoffeeBeanTest\CoffeeBeanTest.csproj", "{149B6E42-DD2F-4531-B4AE-182D29CFCD28}"
EndProject
Project("{FAE04EC0-301F-11D3-BF4B-00C04F79EFBC}") = "CoffeeBeanAPI", "CoffeeBeanAPI\CoffeeBeanAPI.csproj", "{0690992A-735C-4D04-92D6-725FDFCA31F0}"
EndProject
Global
	GlobalSection(SolutionConfigurationPlatforms) = preSolution
		Debug|Any CPU = Debug|Any CPU
		Release|Any CPU = Release|Any CPU
	EndGlobalSection
	GlobalSection(ProjectConfigurationPlatforms) = postSolution
		{227F6221-24EF-4A63-9D3B-098391E05ED3}.Debug|Any CPU.ActiveCfg = Debug|Any CPU
		{227F6221-24EF-4A63-9D3B-098391E05ED3}.Debug|Any CPU.Build.0 = Debug|Any CPU
		{227F6221-24EF-4A63-9D3B-098391E05ED3}.Release|Any CPU.ActiveCfg = Release|Any CPU
		{227F6221-24EF-4A63-9D3B-098391E05ED3}.Release|Any CPU.Build.0 = Release|Any CPU
		{149B6E42-DD2F-4531-B4AE-182D29CFCD28}.Debug|Any CPU.ActiveCfg = Debug|Any CPU
		{149B6E42-DD2F-4531-B4AE-182D29CFCD28}.Debug|Any CPU.Build.0 = Debug|Any CPU
		{149B6E42-DD2F-4531-B4AE-182D29CFCD28}.Release|Any CPU.ActiveCfg = Release|Any CPU
		{149B6E42-DD2F-4531-B4AE-182D29CFCD28}.Release|Any CPU.Build.0 = Release|Any CPU
		{0690992A-735C-4D04-92D6-725FDFCA31F0}.Debug|Any CPU.ActiveCfg = Debug|Any CPU
		{0690992A-735C-4D04-92D6-725FDFCA31F0}.Debug|Any CPU.Build.0 = Debug|Any CPU
		{0690992A-735C-4D04-92D6-725FDFCA31F0}.Release|Any CPU.ActiveCfg = Release|Any CPU
		{0690992A-735C-4D04-92D6-725FDFCA31F0}.Release|Any CPU.Build.0 = Release|Any CPU
	EndGlobalSection
	GlobalSection(SolutionProperties) = preSolution
		HideSolutionNode = FALSE
	EndGlobalSection
EndGlobal
